{
  "lockfile_version": "1",
  "packages": {
    "cargo-binutils@latest": {
      "last_modified": "2025-12-31T03:27:36Z",
      "resolved": "github:NixOS/nixpkgs/f665af0cdb70ed27e1bd8f9fdfecaf451260fc55#cargo-binutils",
      "source": "devbox-search",
      "version": "0.4.0",
      "systems": {
        "aarch64-darwin": {
          "outputs": [
            {
              "name": "out",
              "path": "/nix/store/fa0hw7ka2wgmwwyili2fb2ygyay4vg7q-cargo-binutils-0.4.0",
              "default": true
            }
          ],
          "store_path": "/nix/store/fa0hw7ka2wgmwwyili2fb2ygyay4vg7q-cargo-binutils-0.4.0"
        },
        "aarch64-linux": {
          "outputs": [
            {
              "name": "out",
              "path": "/nix/store/3j4xyj8md9ygm57xk95gk6mb3z7wx18p-cargo-binutils-0.4.0",
              "default": true
            }
          ],
          "store_path": "/nix/store/3j4xyj8md9ygm57xk95gk6mb3z7wx18p-cargo-binutils-0.4.0"
        },
        "x86_64-darwin": {
          "outputs": [
            {
              "name": "out",
              "path": "/nix/store/y8firhb2h9wax648zf3a3sip4ifmi86l-cargo-binutils-0.4.0",
              "default": true
            }
          ],
          "store_path": "/nix/store/y8firhb2h9wax648zf3a3sip4ifmi86l-cargo-binutils-0.4.0"
        },
        "x86_64-linux": {
          "outputs": [
            {
              "name": "out",
              "path": "/nix/store/fhcs2mvvgifk2hzypvx70xdxpfh3qw9g-cargo-binutils-0.4.0",
              "default": true
            }
          ],
          "store_path": "/nix/store/fhcs2mvvgifk2hzypvx70xdxpfh3qw9g-cargo-binutils-0.4.0"
        }
      }
    },
    "github:NixOS/nixpkgs/nixpkgs-unstable": {
      "last_modified": "2026-01-10T08:02:33Z",
      "resolved": "github:NixOS/nixpkgs/3146c6aa9995e7351a398e17470e15305e6e18ff?lastModified=1768032153&narHash=sha256-6kD1MdY9fsE6FgSwdnx29hdH2UcBKs3%2F%2BJJleMShuJg%3D"
    },
    "probe-rs-tools@latest": {
      "last_modified": "2026-01-23T17:20:52Z",
      "resolved": "github:NixOS/nixpkgs/a1bab9e494f5f4939442a57a58d0449a109593fe#probe-rs-tools",
      "source": "devbox-search",
      "version": "0.31.0",
      "systems": {
        "aarch64-darwin": {
          "outputs": [
            {
              "name": "out",
              "path": "/nix/store/lhix3pksgg06lkdlsnyvag3czzrgk76g-probe-rs-tools-0.31.0",
              "default": true
            }
          ],
          "store_path": "/nix/store/lhix3pksgg06lkdlsnyvag3czzrgk76g-probe-rs-tools-0.31.0"
        },
        "aarch64-linux": {
          "outputs": [
            {
              "name": "out",
              "path": "/nix/store/xl51qqj5552kikpb471cwa1zg098x39g-probe-rs-tools-0.31.0",
              "default": true
            }
          ],
          "store_path": "/nix/store/xl51qqj5552kikpb471cwa1zg098x39g-probe-rs-tools-0.31.0"
        },
        "x86_64-darwin": {
          "outputs": [
            {
              "name": "out",
              "path": "/nix/store/6zdw0y9z5gf4rh5z41ydixyy2w7yjfz9-probe-rs-tools-0.31.0",
              "default": true
            }
          ],
          "store_path": "/nix/store/6zdw0y9z5gf4rh5z41ydixyy2w7yjfz9-probe-rs-tools-0.31.0"
        },
        "x86_64-linux": {
          "outputs": [
            {
              "name": "out",
              "path": "/nix/store/91gm5hynp2hwka95rs87vfnmszy4y6h3-probe-rs-tools-0.31.0",
              "default": true
            }
          ],
          "store_path": "/nix/store/91gm5hynp2hwka95rs87vfnmszy4y6h3-probe-rs-tools-0.31.0"
        }
      }
    },
    "rustup@latest": {
      "last_modified": "2025-12-31T03:27:36Z",
      "plugin_version": "0.0.1",
      "resolved": "github:NixOS/nixpkgs/f665af0cdb70ed27e1bd8f9fdfecaf451260fc55#rustup",
      "source": "devbox-search",
      "version": "1.28.2",
      "systems": {
        "aarch64-darwin": {
          "outputs": [
            {
              "name": "out",
              "path": "/nix/store/v0cfpbl35r8y950rx1l17xs8i09pjq1b-rustup-1.28.2",
              "default": true
            }
          ],
          "store_path": "/nix/store/v0cfpbl35r8y950rx1l17xs8i09pjq1b-rustup-1.28.2"
        },
        "aarch64-linux": {
          "outputs": [
            {
              "name": "out",
              "path": "/nix/store/rfi35nzh27wx48v3chbxl7kwp0cyfaab-rustup-1.28.2",
              "default": true
            }
          ],
          "store_path": "/nix/store/rfi35nzh27wx48v3chbxl7kwp0cyfaab-rustup-1.28.2"
        },
        "x86_64-darwin": {
          "outputs": [
            {
              "name": "out",
              "path": "/nix/store/60xn8pb5myf7kddr1wg7q0fpr0g2fl2y-rustup-1.28.2",
              "default": true
            }
          ],
          "store_path": "/nix/store/60xn8pb5myf7kddr1wg7q0fpr0g2fl2y-rustup-1.28.2"
        },
        "x86_64-linux": {
          "outputs": [
            {
              "name": "out",
              "path": "/nix/store/w3hyqp287l6j790wn81x8chj5bcb69wb-rustup-1.28.2",
              "default": true
            }
          ],
          "store_path": "/nix/store/w3hyqp287l6j790wn81x8chj5bcb69wb-rustup-1.28.2"
        }
      }
    }
  }
}
