{
  "lockfile_version": "1",
  "packages": {
    "probe-rs@0.23.0": {
      "last_modified": "2024-04-19T17:36:04-04:00",
      "resolved": "github:NixOS/nixpkgs/92d295f588631b0db2da509f381b4fb1e74173c5#probe-rs",
      "source": "devbox-search",
      "version": "0.23.0",
      "systems": {
        "aarch64-darwin": {
          "outputs": [
            {
              "name": "out",
              "path": "/nix/store/qpihvq22mjkwl3745wvscbdj4d0zhns9-probe-rs-0.23.0",
              "default": true
            }
          ],
          "store_path": "/nix/store/qpihvq22mjkwl3745wvscbdj4d0zhns9-probe-rs-0.23.0"
        },
        "aarch64-linux": {
          "outputs": [
            {
              "name": "out",
              "path": "/nix/store/54yv2h20p6bygsqv5vkyd8v11f61h1gp-probe-rs-0.23.0",
              "default": true
            }
          ],
          "store_path": "/nix/store/54yv2h20p6bygsqv5vkyd8v11f61h1gp-probe-rs-0.23.0"
        },
        "x86_64-darwin": {
          "outputs": [
            {
              "name": "out",
              "path": "/nix/store/nv1qrhgz6zmlrx5g55xwvddlnix0hb2z-probe-rs-0.23.0",
              "default": true
            }
          ],
          "store_path": "/nix/store/nv1qrhgz6zmlrx5g55xwvddlnix0hb2z-probe-rs-0.23.0"
        },
        "x86_64-linux": {
          "outputs": [
            {
              "name": "out",
              "path": "/nix/store/3wq793a24b1v90pzhxim04zjmxykcn6s-probe-rs-0.23.0",
              "default": true
            }
          ],
          "store_path": "/nix/store/3wq793a24b1v90pzhxim04zjmxykcn6s-probe-rs-0.23.0"
        }
      }
    },
    "rustup@1.26.0": {
      "last_modified": "2024-04-19T21:36:04Z",
      "plugin_version": "0.0.1",
      "resolved": "github:NixOS/nixpkgs/92d295f588631b0db2da509f381b4fb1e74173c5#rustup",
      "source": "devbox-search",
      "version": "1.26.0",
      "systems": {
        "aarch64-darwin": {
          "store_path": "/nix/store/cyvyapv4ypksdxy6ccgl6nla5kdmzib0-rustup-1.26.0"
        },
        "aarch64-linux": {
          "store_path": "/nix/store/k0i5323fwlc6yxiqqd6fyi6syvbwvw6r-rustup-1.26.0"
        },
        "x86_64-darwin": {
          "store_path": "/nix/store/rgx9ssx5ai30vncw2a5wxcr8pbmhdy39-rustup-1.26.0"
        },
        "x86_64-linux": {
          "store_path": "/nix/store/czkc2swvgjv185rmi22j73159ifil4sy-rustup-1.26.0"
        }
      }
    }
  }
}
